
Microsoft Visual Studio Solution File, Format Version 12.00
# Visual Studio Version 16
VisualStudioVersion = 16.0.29009.5
MinimumVisualStudioVersion = 10.0.40219.1
Project("{8BC9CEB8-8B4A-11D0-8D11-00A0C91BC942}") = "PatternFactory_FactoryMethod", "PatternFactory_FactoryMethod\PatternFactory_FactoryMethod.vcxproj", "{AD2655AC-8B68-4733-BDA8-65B26F9CAACA}"
EndProject
Global
	GlobalSection(SolutionConfigurationPlatforms) = preSolution
		Debug|x64 = Debug|x64
		Debug|x86 = Debug|x86
		Release|x64 = Release|x64
		Release|x86 = Release|x86
	EndGlobalSection
	GlobalSection(ProjectConfigurationPlatforms) = postSolution
		{AD2655AC-8B68-4733-BDA8-65B26F9CAACA}.Debug|x64.ActiveCfg = Debug|x64
		{AD2655AC-8B68-4733-BDA8-65B26F9CAACA}.Debug|x64.Build.0 = Debug|x64
		{AD2655AC-8B68-4733-BDA8-65B26F9CAACA}.Debug|x86.ActiveCfg = Debug|Win32
		{AD2655AC-8B68-4733-BDA8-65B26F9CAACA}.Debug|x86.Build.0 = Debug|Win32
		{AD2655AC-8B68-4733-BDA8-65B26F9CAACA}.Release|x64.ActiveCfg = Release|x64
		{AD2655AC-8B68-4733-BDA8-65B26F9CAACA}.Release|x64.Build.0 = Release|x64
		{AD2655AC-8B68-4733-BDA8-65B26F9CAACA}.Release|x86.ActiveCfg = Release|Win32
		{AD2655AC-8B68-4733-BDA8-65B26F9CAACA}.Release|x86.Build.0 = Release|Win32
	EndGlobalSection
	GlobalSection(SolutionProperties) = preSolution
		HideSolutionNode = FALSE
	EndGlobalSection
	GlobalSection(ExtensibilityGlobals) = postSolution
		SolutionGuid = {409E8ECF-98B9-4CFF-884D-D1F6AB56EA2B}
	EndGlobalSection
EndGlobal
